# This file is automatically @generated by Cargo.
# It is not intended for manual editing.
version = 4

[[package]]
name = "thresh"
version = "0.1.0"

[[package]]
name = "thresh-api"
version = "0.1.0"

[[package]]
name = "thresh-cli"
version = "0.1.0"

[[package]]
name = "thresh-crypto"
version = "0.1.0"

[[package]]
name = "thresh-daemon"
version = "0.1.0"

[[package]]
name = "thresh-protocol"
version = "0.1.0"

[[package]]
name = "thresh-search"
version = "0.1.0"

[[package]]
name = "thresh-storage"
version = "0.1.0"

[[package]]
name = "thresh-sync"
version = "0.1.0"

[[package]]
name = "thresh-trie"
version = "0.1.0"

[[package]]
name = "thresh-wasm"
version = "0.1.0"
